
Microsoft Visual Studio Solution File, Format Version 12.00
# Visual Studio Version 16
VisualStudioVersion = 16.0.30804.86
MinimumVisualStudioVersion = 10.0.40219.1
Project("{FAE04EC0-301F-11D3-BF4B-00C04F79EFBC}") = "PHARMACY", "PHARMACY\PHARMACY.csproj", "{75042438-1360-4B14-A6F1-E53AFCBF18A1}"
EndProject
Global
	GlobalSection(SolutionConfigurationPlatforms) = preSolution
		Debug|Any CPU = Debug|Any CPU
		Release|Any CPU = Release|Any CPU
	EndGlobalSection
	GlobalSection(ProjectConfigurationPlatforms) = postSolution
		{75042438-1360-4B14-A6F1-E53AFCBF18A1}.Debug|Any CPU.ActiveCfg = Debug|Any CPU
		{75042438-1360-4B14-A6F1-E53AFCBF18A1}.Debug|Any CPU.Build.0 = Debug|Any CPU
		{75042438-1360-4B14-A6F1-E53AFCBF18A1}.Release|Any CPU.ActiveCfg = Release|Any CPU
		{75042438-1360-4B14-A6F1-E53AFCBF18A1}.Release|Any CPU.Build.0 = Release|Any CPU
	EndGlobalSection
	GlobalSection(SolutionProperties) = preSolution
		HideSolutionNode = FALSE
	EndGlobalSection
	GlobalSection(ExtensibilityGlobals) = postSolution
		SolutionGuid = {A62CB336-C28E-459C-8F83-1F714850E08F}
	EndGlobalSection
EndGlobal
